
Microsoft Visual Studio Solution File, Format Version 12.00
# Visual Studio Version 16
VisualStudioVersion = 16.0.31515.178
MinimumVisualStudioVersion = 10.0.40219.1
Project("{9A19103F-16F7-4668-BE54-9A1E7A4F7556}") = "Acme.UnitTest", "Acme.UnitTest\Acme.UnitTest.csproj", "{EDE1045C-9405-4502-BA46-A6A74D32A34F}"
EndProject
Project("{9A19103F-16F7-4668-BE54-9A1E7A4F7556}") = "Acme.BusinessLayer", "Acme.BusinessLayer\Acme.BusinessLayer.csproj", "{7516B169-62C8-42B7-B9AF-CB7AF6E19D26}"
EndProject
Project("{9A19103F-16F7-4668-BE54-9A1E7A4F7556}") = "Acme.DataLayer", "Acme.DataLayer\Acme.DataLayer.csproj", "{47CC64BB-2B7A-4031-A731-039008A15D2C}"
EndProject
Project("{FAE04EC0-301F-11D3-BF4B-00C04F79EFBC}") = "Acme.Console", "Acme.Console\Acme.Console.csproj", "{81295887-5330-4E19-8F2E-3D4B081482E2}"
EndProject
Project("{FAE04EC0-301F-11D3-BF4B-00C04F79EFBC}") = "Acme.Web", "Acme.Web\Acme.Web.csproj", "{C4ED6DF6-D3D7-4DEA-90AC-DE64DF077EC3}"
EndProject
Global
	GlobalSection(SolutionConfigurationPlatforms) = preSolution
		Debug|Any CPU = Debug|Any CPU
		Release|Any CPU = Release|Any CPU
	EndGlobalSection
	GlobalSection(ProjectConfigurationPlatforms) = postSolution
		{EDE1045C-9405-4502-BA46-A6A74D32A34F}.Debug|Any CPU.ActiveCfg = Debug|Any CPU
		{EDE1045C-9405-4502-BA46-A6A74D32A34F}.Debug|Any CPU.Build.0 = Debug|Any CPU
		{EDE1045C-9405-4502-BA46-A6A74D32A34F}.Release|Any CPU.ActiveCfg = Release|Any CPU
		{EDE1045C-9405-4502-BA46-A6A74D32A34F}.Release|Any CPU.Build.0 = Release|Any CPU
		{7516B169-62C8-42B7-B9AF-CB7AF6E19D26}.Debug|Any CPU.ActiveCfg = Debug|Any CPU
		{7516B169-62C8-42B7-B9AF-CB7AF6E19D26}.Debug|Any CPU.Build.0 = Debug|Any CPU
		{7516B169-62C8-42B7-B9AF-CB7AF6E19D26}.Release|Any CPU.ActiveCfg = Release|Any CPU
		{7516B169-62C8-42B7-B9AF-CB7AF6E19D26}.Release|Any CPU.Build.0 = Release|Any CPU
		{47CC64BB-2B7A-4031-A731-039008A15D2C}.Debug|Any CPU.ActiveCfg = Debug|Any CPU
		{47CC64BB-2B7A-4031-A731-039008A15D2C}.Debug|Any CPU.Build.0 = Debug|Any CPU
		{47CC64BB-2B7A-4031-A731-039008A15D2C}.Release|Any CPU.ActiveCfg = Release|Any CPU
		{47CC64BB-2B7A-4031-A731-039008A15D2C}.Release|Any CPU.Build.0 = Release|Any CPU
		{81295887-5330-4E19-8F2E-3D4B081482E2}.Debug|Any CPU.ActiveCfg = Debug|Any CPU
		{81295887-5330-4E19-8F2E-3D4B081482E2}.Debug|Any CPU.Build.0 = Debug|Any CPU
		{81295887-5330-4E19-8F2E-3D4B081482E2}.Release|Any CPU.ActiveCfg = Release|Any CPU
		{81295887-5330-4E19-8F2E-3D4B081482E2}.Release|Any CPU.Build.0 = Release|Any CPU
		{C4ED6DF6-D3D7-4DEA-90AC-DE64DF077EC3}.Debug|Any CPU.ActiveCfg = Debug|Any CPU
		{C4ED6DF6-D3D7-4DEA-90AC-DE64DF077EC3}.Debug|Any CPU.Build.0 = Debug|Any CPU
		{C4ED6DF6-D3D7-4DEA-90AC-DE64DF077EC3}.Release|Any CPU.ActiveCfg = Release|Any CPU
		{C4ED6DF6-D3D7-4DEA-90AC-DE64DF077EC3}.Release|Any CPU.Build.0 = Release|Any CPU
	EndGlobalSection
	GlobalSection(SolutionProperties) = preSolution
		HideSolutionNode = FALSE
	EndGlobalSection
	GlobalSection(ExtensibilityGlobals) = postSolution
		SolutionGuid = {496C96A0-B622-41E4-B82F-A007742F683F}
	EndGlobalSection
EndGlobal
